PODS:
  - Alamofire (4.6.0)
  - AlamofireImage (3.3.0):
    - Alamofire (~> 4.5)
  - Braintree (4.10.0):
    - Braintree/Card (= 4.10.0)
    - Braintree/Core (= 4.10.0)
    - Braintree/PayPal (= 4.10.0)
    - Braintree/UI (= 4.10.0)
  - Braintree/Card (4.10.0):
    - Braintree/Core
  - Braintree/Core (4.10.0)
  - Braintree/PayPal (4.10.0):
    - Braintree/Core
    - Braintree/PayPalOneTouch
  - Braintree/PayPalDataCollector (4.10.0):
    - Braintree/Core
    - Braintree/PayPalUtils
  - Braintree/PayPalOneTouch (4.10.0):
    - Braintree/Core
    - Braintree/PayPalDataCollector
    - Braintree/PayPalUtils
  - Braintree/PayPalUtils (4.10.0)
  - Braintree/UI (4.10.0):
    - Braintree/Card
    - Braintree/Core
  - Braintree/UnionPay (4.10.0):
    - Braintree/Card
    - Braintree/Core
  - BraintreeDropIn (5.3.0):
    - BraintreeDropIn/DropIn (= 5.3.0)
  - BraintreeDropIn/DropIn (5.3.0):
    - Braintree/Card (~> 4.0)
    - Braintree/Core (~> 4.0)
    - Braintree/UnionPay (~> 4.0)
    - BraintreeDropIn/UIKit
  - BraintreeDropIn/UIKit (5.3.0)
  - CountryPickerSwift (1.4.5)
  - DatePickerDialog (2.0)
  - Firebase/Core (4.8.1):
    - FirebaseAnalytics (= 4.0.7)
    - FirebaseCore (= 4.0.14)
  - Firebase/Messaging (4.8.1):
    - Firebase/Core
    - FirebaseMessaging (= 2.0.8)
  - FirebaseAnalytics (4.0.7):
    - FirebaseCore (~> 4.0)
    - FirebaseInstanceID (~> 2.0)
    - GoogleToolboxForMac/NSData+zlib (~> 2.1)
    - nanopb (~> 0.3)
  - FirebaseCore (4.0.14):
    - GoogleToolboxForMac/NSData+zlib (~> 2.1)
  - FirebaseInstanceID (2.0.8):
    - FirebaseCore (~> 4.0)
  - FirebaseMessaging (2.0.8):
    - FirebaseAnalytics (~> 4.0)
    - FirebaseCore (~> 4.0)
    - FirebaseInstanceID (~> 2.0)
    - GoogleToolboxForMac/Logger (~> 2.1)
    - Protobuf (~> 3.1)
  - GoogleAnalytics (3.17.0)
  - GoogleMaps (2.5.0):
    - GoogleMaps/Maps (= 2.5.0)
  - GoogleMaps/Base (2.5.0)
  - GoogleMaps/Maps (2.5.0):
    - GoogleMaps/Base
  - GooglePlacePicker (2.5.0):
    - GoogleMaps (= 2.5.0)
    - GooglePlaces (= 2.5.0)
  - GooglePlaces (2.5.0):
    - GoogleMaps/Base (= 2.5.0)
  - GoogleSignIn (4.1.1):
    - GoogleToolboxForMac/NSDictionary+URLArguments (~> 2.1)
    - GoogleToolboxForMac/NSString+URLArguments (~> 2.1)
    - GTMOAuth2 (~> 1.0)
    - GTMSessionFetcher/Core (~> 1.1)
  - GoogleToolboxForMac/DebugUtils (2.1.3):
    - GoogleToolboxForMac/Defines (= 2.1.3)
  - GoogleToolboxForMac/Defines (2.1.3)
  - GoogleToolboxForMac/Logger (2.1.3):
    - GoogleToolboxForMac/Defines (= 2.1.3)
  - GoogleToolboxForMac/NSData+zlib (2.1.3):
    - GoogleToolboxForMac/Defines (= 2.1.3)
  - GoogleToolboxForMac/NSDictionary+URLArguments (2.1.3):
    - GoogleToolboxForMac/DebugUtils (= 2.1.3)
    - GoogleToolboxForMac/Defines (= 2.1.3)
    - GoogleToolboxForMac/NSString+URLArguments (= 2.1.3)
  - GoogleToolboxForMac/NSString+URLArguments (2.1.3)
  - GTMOAuth2 (1.1.6):
    - GTMSessionFetcher (~> 1.1)
  - GTMSessionFetcher (1.1.12):
    - GTMSessionFetcher/Full (= 1.1.12)
  - GTMSessionFetcher/Core (1.1.12)
  - GTMSessionFetcher/Full (1.1.12):
    - GTMSessionFetcher/Core (= 1.1.12)
  - IQKeyboardManagerSwift (4.0.10)
  - JSQMessagesViewController (7.3.5):
    - JSQSystemSoundPlayer (~> 2.0.1)
  - JSQSystemSoundPlayer (2.0.1)
  - libPhoneNumber-iOS (0.9.13)
  - nanopb (0.3.8):
    - nanopb/decode (= 0.3.8)
    - nanopb/encode (= 0.3.8)
  - nanopb/decode (0.3.8)
  - nanopb/encode (0.3.8)
  - NewRelicAgent (5.12.2)
  - NVActivityIndicatorView (4.1.1):
    - NVActivityIndicatorView/Presenter (= 4.1.1)
  - NVActivityIndicatorView/Presenter (4.1.1)
  - Protobuf (3.5.0)
  - ReachabilitySwift (4.1.0)
  - RNNotificationView (3.0.0)
  - SDWebImage (3.8.2):
    - SDWebImage/Core (= 3.8.2)
  - SDWebImage/Core (3.8.2)
  - SideMenu (2.3.2)
  - Socket.IO-Client-Swift (11.0.2):
    - StarscreamSocketIO (~> 8.0.2)
  - StarscreamSocketIO (8.0.7)
  - Stripe (11.2.0)
  - SVProgressHUD (2.2.2)
  - SwiftyJSON (4.0.0)
  - Toaster (2.0.4)
  - TTTAttributedLabel (2.0.0)
  - TwitterCore (3.1.0)
  - TwitterKit (3.3.0):
    - TwitterCore (>= 3.1.0)

DEPENDENCIES:
  - Alamofire (~> 4.4)
  - AlamofireImage (~> 3.1)
  - Braintree
  - BraintreeDropIn
  - CountryPickerSwift
  - DatePickerDialog
  - Firebase/Messaging
  - GoogleAnalytics
  - GoogleMaps
  - GooglePlacePicker
  - GooglePlaces
  - GoogleSignIn
  - IQKeyboardManagerSwift (= 4.0.10)
  - JSQMessagesViewController
  - libPhoneNumber-iOS (~> 0.9)
  - NewRelicAgent (= 5.12.2)
  - NVActivityIndicatorView
  - ReachabilitySwift
  - RNNotificationView
  - SDWebImage (~> 3.8)
  - SideMenu (= 2.3.2)
  - Socket.IO-Client-Swift (= 11.0.2)
  - Stripe (= 11.2.0)
  - SVProgressHUD
  - SwiftyJSON
  - Toaster (= 2.0.4)
  - TTTAttributedLabel
  - TwitterKit

SPEC CHECKSUMS:
  Alamofire: f41a599bd63041760b26d393ec1069d9d7b917f4
  AlamofireImage: 2e784dc5d00f04903a52c1d169181469c805c3df
  Braintree: 424a8b0bf1d31fe1110035cfde438701e1425c1a
  BraintreeDropIn: 5882cca8dc3c4a5b8f11faa44fca52323253c857
  CountryPickerSwift: be2cf0dc41887d8b16ea65ae263a70adb0cc953a
  DatePickerDialog: 5e1c24d9fe6506cd45dbc573eed7b0a251b1c09d
  Firebase: 2721056b8885eef90233b03f37be64358d35d262
  FirebaseAnalytics: 617afa8c26b57a0c3f11361b248bc9e17bfd8dfd
  FirebaseCore: 2e0b98fb2d64ca8140136beff15772bdd14d2dd7
  FirebaseInstanceID: 81df5805a08001e69138664bdd02c6719a9ac80f
  FirebaseMessaging: dfdcd307c2382290a1e297a81d0f18370f5b1bcd
  GoogleAnalytics: f42cc53a87a51fe94334821868d9c8481ff47a7b
  GoogleMaps: c087b8e5dfe87ca6ebf59adb9b4894a4146bec4f
  GooglePlacePicker: 1573e644ab54564d95c2643edc0f29091609e966
  GooglePlaces: dd70d9d71ea1c7944846afe67de3712c99b30a77
  GoogleSignIn: 3fdaa34a2ba04dbd7a25d7db39aecb0da98d5bdc
  GoogleToolboxForMac: 2501e2ad72a52eb3dfe7bd9aee7dad11b858bd20
  GTMOAuth2: c77fe325e4acd453837e72d91e3b5f13116857b2
  GTMSessionFetcher: ebaa1f79a5366922c1735f1566901f50beba23b7
  IQKeyboardManagerSwift: 75ba21a23794a1e6b6fe6d9a267ea17f80e06771
  JSQMessagesViewController: 6587f56aedbcb150a8ba1d968e1ef58b1bc758b7
  JSQSystemSoundPlayer: c5850e77a4363ffd374cd851154b9af93264ed8d
  libPhoneNumber-iOS: e444379ac18bbfbdefad571da735b2cd7e096caa
  nanopb: 5601e6bca2dbf1ed831b519092ec110f66982ca3
  NewRelicAgent: 1d41d2f6fe7c4219c13819ef12a0fc0f8d6ecaa6
  NVActivityIndicatorView: 60109b9bf46efc2e71ab81453196ccdfdfeea870
  Protobuf: 8a9838fba8dae3389230e1b7f8c104aa32389c03
  ReachabilitySwift: 6849231cd4e06559f3b9ef4a97a0a0f96d41e09f
  RNNotificationView: c1fd881d47d1f2af126d01a1a117f8d498f39637
  SDWebImage: 098e97e6176540799c27e804c96653ee0833d13c
  SideMenu: 3fa07dd05d4bade2b6f9889fb1877e312e1ba319
  Socket.IO-Client-Swift: 17d4daf85d74125c33481d9bc40cbe678f0d631a
  StarscreamSocketIO: 00b54e4208481ca5cef089545353aaf126bae16d
  Stripe: 898f83a95d72180c6eb4acd65b2ae6158fc6a8bd
  SVProgressHUD: 59b2d3dabacbd051576d21d32293ca7228dc18b0
  SwiftyJSON: 070dabdcb1beb81b247c65ffa3a79dbbfb3b48aa
  Toaster: f13031c636ef065281bc11857be9a16c7659e04f
  TTTAttributedLabel: 8cffe8e127e4e82ff3af1e5386d4cd0ad000b656
  TwitterCore: 644d59e75abccb26cf0a9050d2c4dea0e5412241
  TwitterKit: a2e60ddcedbf54091eac6f27685ca7a87681e1d7

PODFILE CHECKSUM: 959fa71ff5fb8b87c6679045961e688519893a9a

COCOAPODS: 1.1.1
